version = 1
revision = 2
requires-python = ">=3.11, <4.0"

[[package]]
name = "ast-grep-cli"
version = "0.40.5"
source = { registry = "https://pypi.org/simple" }
sdist = { url = "https://files.pythonhosted.org/packages/63/1a/136b60ea7c2a5d813f1cb2e11f41c68cb8c1a0e594b48d16400b3f4f96a2/ast_grep_cli-0.40.5.tar.gz", hash = "sha256:30226f9461232cece568d9072b297cee94baeac7bbaefe31080e502bf64f6db8", size = 215734, upload-time = "2026-01-10T18:06:08.954Z" }
wheels = [
    { url = "https://files.pythonhosted.org/packages/5b/de/0114c873ade9634a96bdd73d360fa8e7066ecacf46e73b7eabc363a980c7/ast_grep_cli-0.40.5-py3-none-macosx_10_12_x86_64.macosx_11_0_arm64.macosx_10_12_universal2.whl", hash = "sha256:3c1d7a8efef7f3a86aa7451cfcd991db02f596ad90ca72044a5b6eb7209d3639", size = 14425525, upload-time = "2026-01-10T18:06:06.382Z" },
    { url = "https://files.pythonhosted.org/packages/07/7b/93f13c7992105f00bf913cd45111b28366d8369d898916d2f47909eb1cf1/ast_grep_cli-0.40.5-py3-none-macosx_10_12_x86_64.whl", hash = "sha256:b9fd71d545708f2101212ce6c9e69abecd645702646665f9718d499179ff9f9e", size = 7214751, upload-time = "2026-01-10T18:06:14.926Z" },
    { url = "https://files.pythonhosted.org/packages/46/76/6cf29923359d583150477d4929a88389283ec73f7ea592e66d247bd6edb9/ast_grep_cli-0.40.5-py3-none-manylinux_2_28_aarch64.whl", hash = "sha256:6ec8c0899cc0545353b311101227dca74014230160c01c1197b74b6c83c77833", size = 7058794, upload-time = "2026-01-10T18:06:10.29Z" },
    { url = "https://files.pythonhosted.org/packages/61/39/004493cbc63fe5b3d7feb178ed99b3e285237cfb4bfcf8f1605cc3fa702d/ast_grep_cli-0.40.5-py3-none-manylinux_2_28_x86_64.whl", hash = "sha256:881ba2a43036f21464764978590712d5a1280f6f43880a6ff6cfa4538338e559", size = 7361701, upload-time = "2026-01-10T18:06:17.248Z" },
    { url = "https://files.pythonhosted.org/packages/b3/f3/e411fd81d7ab7811a29d0f89ee5f81980a942fdeb298c3d67f373d1d7d55/ast_grep_cli-0.40.5-py3-none-win32.whl", hash = "sha256:cfc4c7c16c5f68d6f0d79bc128d6c7185c17887d75b94682458a890c3d8319e3", size = 6921853, upload-time = "2026-01-10T18:06:19.067Z" },
    { url = "https://files.pythonhosted.org/packages/9c/8b/50d74a777b3617b4a2e17a471433c983822506bb7d077e18ee6d6dd263bb/ast_grep_cli-0.40.5-py3-none-win_amd64.whl", hash = "sha256:a2253c898384728393bf587a530b27f44ce8077e6a0bcd20fc2c07f89681620d", size = 7371484, upload-time = "2026-01-10T18:06:03.997Z" },
    { url = "https://files.pythonhosted.org/packages/ba/b9/1d02935e30692d044205e4dca30367c4db16146836bbd25de5705992c3a1/ast_grep_cli-0.40.5-py3-none-win_arm64.whl", hash = "sha256:ba42cdf8148b58fb763ad20a3bb5e84d487141327f41fed5276d04e637194be6", size = 7083807, upload-time = "2026-01-10T18:06:12.76Z" },
]

[[package]]
name = "cython"
version = "3.0.11"
source = { registry = "https://pypi.org/simple" }
sdist = { url = "https://files.pythonhosted.org/packages/84/4d/b720d6000f4ca77f030bd70f12550820f0766b568e43f11af7f7ad9061aa/cython-3.0.11.tar.gz", hash = "sha256:7146dd2af8682b4ca61331851e6aebce9fe5158e75300343f80c07ca80b1faff", size = 2755544, upload-time = "2024-08-05T15:03:02.254Z" }
wheels = [
    { url = "https://files.pythonhosted.org/packages/f8/73/e55be864199cd674cb3426a052726c205589b1ac66fb0090e7fe793b60b3/Cython-3.0.11-cp311-cp311-macosx_10_9_x86_64.whl", hash = "sha256:75ba1c70b6deeaffbac123856b8d35f253da13552207aa969078611c197377e4", size = 3113599, upload-time = "2024-08-05T15:03:52.416Z" },
    { url = "https://files.pythonhosted.org/packages/09/c9/537108d0980beffff55336baaf8b34162ad0f3f33ededcb5db07069bc8ef/Cython-3.0.11-cp311-cp311-manylinux_2_17_aarch64.manylinux2014_aarch64.whl", hash = "sha256:af91497dc098718e634d6ec8f91b182aea6bb3690f333fc9a7777bc70abe8810", size = 3441131, upload-time = "2024-08-05T15:03:56.138Z" },
    { url = "https://files.pythonhosted.org/packages/93/03/e330b241ad8aa12bb9d98b58fb76d4eb7dcbe747479aab5c29fce937b9e7/Cython-3.0.11-cp311-cp311-manylinux_2_17_x86_64.manylinux2014_x86_64.whl", hash = "sha256:3999fb52d3328a6a5e8c63122b0a8bd110dfcdb98dda585a3def1426b991cba7", size = 3595065, upload-time = "2024-08-05T15:03:59.174Z" },
    { url = "https://files.pythonhosted.org/packages/4a/84/a3c40f2c0439d425daa5aa4e3a6fdbbb41341a14a6fd97f94906f528d9a4/Cython-3.0.11-cp311-cp311-manylinux_2_5_i686.manylinux1_i686.manylinux_2_17_i686.manylinux2014_i686.whl", hash = "sha256:d566a4e09b8979be8ab9f843bac0dd216c81f5e5f45661a9b25cd162ed80508c", size = 3641667, upload-time = "2024-08-05T15:04:02.719Z" },
    { url = "https://files.pythonhosted.org/packages/6d/93/bdb61e0254ed8f1d21a14088a473584ecb1963d68dba5682158aa45c70ef/Cython-3.0.11-cp311-cp311-musllinux_1_2_aarch64.whl", hash = "sha256:46aec30f217bdf096175a1a639203d44ac73a36fe7fa3dd06bd012e8f39eca0f", size = 3503650, upload-time = "2024-08-05T15:04:07.434Z" },
    { url = "https://files.pythonhosted.org/packages/f8/62/0da548144c71176155ff5355c4cc40fb28b9effe22e830b55cec8072bdf2/Cython-3.0.11-cp311-cp311-musllinux_1_2_x86_64.whl", hash = "sha256:ddd1fe25af330f4e003421636746a546474e4ccd8f239f55d2898d80983d20ed", size = 3709662, upload-time = "2024-08-05T15:04:10.99Z" },
    { url = "https://files.pythonhosted.org/packages/56/d3/d9c9eaf3611a9fe5256266d07b6a5f9069aa84d20d9f6aa5824289513315/Cython-3.0.11-cp311-cp311-win32.whl", hash = "sha256:221de0b48bf387f209003508e602ce839a80463522fc6f583ad3c8d5c890d2c1", size = 2577870, upload-time = "2024-08-05T15:04:14.693Z" },
    { url = "https://files.pythonhosted.org/packages/fd/10/236fcc0306f85a2db1b8bc147aea714b66a2f27bac4d9e09e5b2c5d5dcca/Cython-3.0.11-cp311-cp311-win_amd64.whl", hash = "sha256:3ff8ac1f0ecd4f505db4ab051e58e4531f5d098b6ac03b91c3b902e8d10c67b3", size = 2785053, upload-time = "2024-08-05T15:04:18.058Z" },
    { url = "https://files.pythonhosted.org/packages/58/50/fbb23239efe2183e4eaf76689270d6f5b3bbcf9be9ad1eb97cc34349e6fc/Cython-3.0.11-cp312-cp312-macosx_10_9_x86_64.whl", hash = "sha256:11996c40c32abf843ba652a6d53cb15944c88d91f91fc4e6f0028f5df8a8f8a1", size = 3141274, upload-time = "2024-08-05T15:04:20.821Z" },
    { url = "https://files.pythonhosted.org/packages/87/e5/76379edb21fd5bb9e2aaa1d305492bc35bba96dfb51f5d96867d9863b6df/Cython-3.0.11-cp312-cp312-manylinux_2_17_aarch64.manylinux2014_aarch64.whl", hash = "sha256:63f2c892e9f9c1698ecfee78205541623eb31cd3a1b682668be7ac12de94aa8e", size = 3340904, upload-time = "2024-08-05T15:04:24.314Z" },
    { url = "https://files.pythonhosted.org/packages/9a/ef/44af6aded89444dc45f4466ff207a05d3376c641cf1146c03fd14c55ae64/Cython-3.0.11-cp312-cp312-manylinux_2_17_x86_64.manylinux2014_x86_64.whl", hash = "sha256:8b14c24f1dc4c4c9d997cca8d1b7fb01187a218aab932328247dcf5694a10102", size = 3514052, upload-time = "2024-08-05T15:04:28.001Z" },
    { url = "https://files.pythonhosted.org/packages/e0/d5/ef8c7b6aa7a83c508f5c3bf0dfb9eb0a2a9be910c0b1f205f842128269c3/Cython-3.0.11-cp312-cp312-manylinux_2_5_i686.manylinux1_i686.manylinux_2_17_i686.manylinux2014_i686.whl", hash = "sha256:c8eed5c015685106db15dd103fd040948ddca9197b1dd02222711815ea782a27", size = 3573721, upload-time = "2024-08-05T15:04:30.973Z" },
    { url = "https://files.pythonhosted.org/packages/e5/4a/58d6c208563504a35febff94904bb291b368a8b0f28a5e0593c770967caa/Cython-3.0.11-cp312-cp312-musllinux_1_2_aarch64.whl", hash = "sha256:780f89c95b8aec1e403005b3bf2f0a2afa060b3eba168c86830f079339adad89", size = 3393594, upload-time = "2024-08-05T15:04:33.57Z" },
    { url = "https://files.pythonhosted.org/packages/a0/92/a60a400be286dc661609da9db903680bba1423362000b689cf8ef0aec811/Cython-3.0.11-cp312-cp312-musllinux_1_2_x86_64.whl", hash = "sha256:a690f2ff460682ea985e8d38ec541be97e0977fa0544aadc21efc116ff8d7579", size = 3601319, upload-time = "2024-08-05T15:04:36.585Z" },
    { url = "https://files.pythonhosted.org/packages/ac/11/f02fc24d1a071b93e1d07497b0a528687b1f93bb4945c635119480fab3c0/Cython-3.0.11-cp312-cp312-win32.whl", hash = "sha256:2252b5aa57621848e310fe7fa6f7dce5f73aa452884a183d201a8bcebfa05a00", size = 2608335, upload-time = "2024-08-05T15:04:40.312Z" },
    { url = "https://files.pythonhosted.org/packages/35/00/78ffea3a0ab176267a25ff049518b2582db7ac265bbf27944243d1a81ce2/Cython-3.0.11-cp312-cp312-win_amd64.whl", hash = "sha256:da394654c6da15c1d37f0b7ec5afd325c69a15ceafee2afba14b67a5df8a82c8", size = 2792586, upload-time = "2024-08-05T15:04:43.83Z" },
    { url = "https://files.pythonhosted.org/packages/eb/19/1d7164b724f62b67c59aa3531a2be8ed1a0c7e4e80afcc6502d8409c4ee3/Cython-3.0.11-cp313-cp313-macosx_10_13_x86_64.whl", hash = "sha256:4341d6a64d47112884e0bcf31e6c075268220ee4cd02223047182d4dda94d637", size = 3134881, upload-time = "2024-08-05T15:04:46.845Z" },
    { url = "https://files.pythonhosted.org/packages/0a/d7/8d834d7ec4b6e55db857f44e328246d40cb527917040fabf3c48d27609b3/Cython-3.0.11-cp313-cp313-manylinux_2_17_aarch64.manylinux2014_aarch64.whl", hash = "sha256:351955559b37e6c98b48aecb178894c311be9d731b297782f2b78d111f0c9015", size = 3330582, upload-time = "2024-08-05T15:04:50.185Z" },
    { url = "https://files.pythonhosted.org/packages/1c/ae/d520f3cd94a8926bc47275a968e51bbc669a28f27a058cdfc5c3081fbbf7/Cython-3.0.11-cp313-cp313-manylinux_2_17_x86_64.manylinux2014_x86_64.whl", hash = "sha256:9c02361af9bfa10ff1ccf967fc75159e56b1c8093caf565739ed77a559c1f29f", size = 3503750, upload-time = "2024-08-05T15:04:53.127Z" },
    { url = "https://files.pythonhosted.org/packages/6e/e4/45c556f4a6d40b6938368d420d3c985bbef9088b7d4a8d8c6648d50e4a94/Cython-3.0.11-cp313-cp313-manylinux_2_5_i686.manylinux1_i686.manylinux_2_17_i686.manylinux2014_i686.whl", hash = "sha256:6823aef13669a32caf18bbb036de56065c485d9f558551a9b55061acf9c4c27f", size = 3566498, upload-time = "2024-08-05T15:04:55.768Z" },
    { url = "https://files.pythonhosted.org/packages/ce/2d/544f6aa3cab31b99ddb07e7eaaaca6a43db52fe0dc59090195c48fc0b033/Cython-3.0.11-cp313-cp313-musllinux_1_2_aarch64.whl", hash = "sha256:6fb68cef33684f8cc97987bee6ae919eee7e18ee6a3ad7ed9516b8386ef95ae6", size = 3389063, upload-time = "2024-08-05T15:04:59.31Z" },
    { url = "https://files.pythonhosted.org/packages/55/1a/9d871cc1514df273cd2ccfe3efe5ff1df509ce11768c02a834052709f152/Cython-3.0.11-cp313-cp313-musllinux_1_2_x86_64.whl", hash = "sha256:790263b74432cb997740d73665f4d8d00b9cd1cecbdd981d93591ddf993d4f12", size = 3596353, upload-time = "2024-08-05T15:05:02.881Z" },
    { url = "https://files.pythonhosted.org/packages/47/4e/4db412f595de4b2224a81ea5332ce107ce3e93bf87275c78648f2e3e37b8/Cython-3.0.11-cp313-cp313-win32.whl", hash = "sha256:e6dd395d1a704e34a9fac00b25f0036dce6654c6b898be6f872ac2bb4f2eda48", size = 2602768, upload-time = "2024-08-05T15:05:06.119Z" },
    { url = "https://files.pythonhosted.org/packages/e7/91/8a29e1bce2f8a893a4c24874943b64e8ede14fac9990bd4a3f13a46c2720/Cython-3.0.11-cp313-cp313-win_amd64.whl", hash = "sha256:52186101d51497519e99b60d955fd5cb3bf747c67f00d742e70ab913f1e42d31", size = 2784414, upload-time = "2024-08-05T15:05:08.8Z" },
    { url = "https://files.pythonhosted.org/packages/43/39/bdbec9142bc46605b54d674bf158a78b191c2b75be527c6dcf3e6dfe90b8/Cython-3.0.11-py2.py3-none-any.whl", hash = "sha256:0e25f6425ad4a700d7f77cd468da9161e63658837d1bc34861a9861a4ef6346d", size = 1171267, upload-time = "2024-08-05T15:02:57.729Z" },
]

[[package]]
name = "lib-common"
version = "0.0.0"
source = { virtual = "." }

[package.dev-dependencies]
dev = [
    { name = "ast-grep-cli" },
    { name = "cython" },
    { name = "mypy" },
    { name = "psutil" },
    { name = "ruff" },
    { name = "types-psutil" },
]

[package.metadata]

[package.metadata.requires-dev]
dev = [
    { name = "ast-grep-cli", specifier = "~=0.40.5" },
    { name = "cython", specifier = "~=3.0.0" },
    { name = "mypy", specifier = "==1.14.1" },
    { name = "psutil", specifier = "~=5.9.5" },
    { name = "ruff", specifier = "==0.14.0" },
    { name = "types-psutil", specifier = "~=5.9.5" },
]

[[package]]
name = "mypy"
version = "1.14.1"
source = { registry = "https://pypi.org/simple" }
dependencies = [
    { name = "mypy-extensions" },
    { name = "typing-extensions" },
]
sdist = { url = "https://files.pythonhosted.org/packages/b9/eb/2c92d8ea1e684440f54fa49ac5d9a5f19967b7b472a281f419e69a8d228e/mypy-1.14.1.tar.gz", hash = "sha256:7ec88144fe9b510e8475ec2f5f251992690fcf89ccb4500b214b4226abcd32d6", size = 3216051, upload-time = "2024-12-30T16:39:07.335Z" }
wheels = [
    { url = "https://files.pythonhosted.org/packages/da/11/a9422850fd506edbcdc7f6090682ecceaf1f87b9dd847f9df79942da8506/mypy-1.14.1-cp311-cp311-macosx_10_9_x86_64.whl", hash = "sha256:f995e511de847791c3b11ed90084a7a0aafdc074ab88c5a9711622fe4751138c", size = 11120432, upload-time = "2024-12-30T16:37:11.533Z" },
    { url = "https://files.pythonhosted.org/packages/b6/9e/47e450fd39078d9c02d620545b2cb37993a8a8bdf7db3652ace2f80521ca/mypy-1.14.1-cp311-cp311-macosx_11_0_arm64.whl", hash = "sha256:d64169ec3b8461311f8ce2fd2eb5d33e2d0f2c7b49116259c51d0d96edee48d1", size = 10279515, upload-time = "2024-12-30T16:37:40.724Z" },
    { url = "https://files.pythonhosted.org/packages/01/b5/6c8d33bd0f851a7692a8bfe4ee75eb82b6983a3cf39e5e32a5d2a723f0c1/mypy-1.14.1-cp311-cp311-manylinux_2_17_aarch64.manylinux2014_aarch64.manylinux_2_28_aarch64.whl", hash = "sha256:ba24549de7b89b6381b91fbc068d798192b1b5201987070319889e93038967a8", size = 12025791, upload-time = "2024-12-30T16:36:58.73Z" },
    { url = "https://files.pythonhosted.org/packages/f0/4c/e10e2c46ea37cab5c471d0ddaaa9a434dc1d28650078ac1b56c2d7b9b2e4/mypy-1.14.1-cp311-cp311-manylinux_2_17_x86_64.manylinux2014_x86_64.manylinux_2_28_x86_64.whl", hash = "sha256:183cf0a45457d28ff9d758730cd0210419ac27d4d3f285beda038c9083363b1f", size = 12749203, upload-time = "2024-12-30T16:37:03.741Z" },
    { url = "https://files.pythonhosted.org/packages/88/55/beacb0c69beab2153a0f57671ec07861d27d735a0faff135a494cd4f5020/mypy-1.14.1-cp311-cp311-musllinux_1_2_x86_64.whl", hash = "sha256:f2a0ecc86378f45347f586e4163d1769dd81c5a223d577fe351f26b179e148b1", size = 12885900, upload-time = "2024-12-30T16:37:57.948Z" },
    { url = "https://files.pythonhosted.org/packages/a2/75/8c93ff7f315c4d086a2dfcde02f713004357d70a163eddb6c56a6a5eff40/mypy-1.14.1-cp311-cp311-win_amd64.whl", hash = "sha256:ad3301ebebec9e8ee7135d8e3109ca76c23752bac1e717bc84cd3836b4bf3eae", size = 9777869, upload-time = "2024-12-30T16:37:33.428Z" },
    { url = "https://files.pythonhosted.org/packages/43/1b/b38c079609bb4627905b74fc6a49849835acf68547ac33d8ceb707de5f52/mypy-1.14.1-cp312-cp312-macosx_10_13_x86_64.whl", hash = "sha256:30ff5ef8519bbc2e18b3b54521ec319513a26f1bba19a7582e7b1f58a6e69f14", size = 11266668, upload-time = "2024-12-30T16:38:02.211Z" },
    { url = "https://files.pythonhosted.org/packages/6b/75/2ed0d2964c1ffc9971c729f7a544e9cd34b2cdabbe2d11afd148d7838aa2/mypy-1.14.1-cp312-cp312-macosx_11_0_arm64.whl", hash = "sha256:cb9f255c18052343c70234907e2e532bc7e55a62565d64536dbc7706a20b78b9", size = 10254060, upload-time = "2024-12-30T16:37:46.131Z" },
    { url = "https://files.pythonhosted.org/packages/a1/5f/7b8051552d4da3c51bbe8fcafffd76a6823779101a2b198d80886cd8f08e/mypy-1.14.1-cp312-cp312-manylinux_2_17_aarch64.manylinux2014_aarch64.manylinux_2_28_aarch64.whl", hash = "sha256:8b4e3413e0bddea671012b063e27591b953d653209e7a4fa5e48759cda77ca11", size = 11933167, upload-time = "2024-12-30T16:37:43.534Z" },
    { url = "https://files.pythonhosted.org/packages/04/90/f53971d3ac39d8b68bbaab9a4c6c58c8caa4d5fd3d587d16f5927eeeabe1/mypy-1.14.1-cp312-cp312-manylinux_2_17_x86_64.manylinux2014_x86_64.manylinux_2_28_x86_64.whl", hash = "sha256:553c293b1fbdebb6c3c4030589dab9fafb6dfa768995a453d8a5d3b23784af2e", size = 12864341, upload-time = "2024-12-30T16:37:36.249Z" },
    { url = "https://files.pythonhosted.org/packages/03/d2/8bc0aeaaf2e88c977db41583559319f1821c069e943ada2701e86d0430b7/mypy-1.14.1-cp312-cp312-musllinux_1_2_x86_64.whl", hash = "sha256:fad79bfe3b65fe6a1efaed97b445c3d37f7be9fdc348bdb2d7cac75579607c89", size = 12972991, upload-time = "2024-12-30T16:37:06.743Z" },
    { url = "https://files.pythonhosted.org/packages/6f/17/07815114b903b49b0f2cf7499f1c130e5aa459411596668267535fe9243c/mypy-1.14.1-cp312-cp312-win_amd64.whl", hash = "sha256:8fa2220e54d2946e94ab6dbb3ba0a992795bd68b16dc852db33028df2b00191b", size = 9879016, upload-time = "2024-12-30T16:37:15.02Z" },
    { url = "https://files.pythonhosted.org/packages/9e/15/bb6a686901f59222275ab228453de741185f9d54fecbaacec041679496c6/mypy-1.14.1-cp313-cp313-macosx_10_13_x86_64.whl", hash = "sha256:92c3ed5afb06c3a8e188cb5da4984cab9ec9a77ba956ee419c68a388b4595255", size = 11252097, upload-time = "2024-12-30T16:37:25.144Z" },
    { url = "https://files.pythonhosted.org/packages/f8/b3/8b0f74dfd072c802b7fa368829defdf3ee1566ba74c32a2cb2403f68024c/mypy-1.14.1-cp313-cp313-macosx_11_0_arm64.whl", hash = "sha256:dbec574648b3e25f43d23577309b16534431db4ddc09fda50841f1e34e64ed34", size = 10239728, upload-time = "2024-12-30T16:38:08.634Z" },
    { url = "https://files.pythonhosted.org/packages/c5/9b/4fd95ab20c52bb5b8c03cc49169be5905d931de17edfe4d9d2986800b52e/mypy-1.14.1-cp313-cp313-manylinux_2_17_aarch64.manylinux2014_aarch64.manylinux_2_28_aarch64.whl", hash = "sha256:8c6d94b16d62eb3e947281aa7347d78236688e21081f11de976376cf010eb31a", size = 11924965, upload-time = "2024-12-30T16:38:12.132Z" },
    { url = "https://files.pythonhosted.org/packages/56/9d/4a236b9c57f5d8f08ed346914b3f091a62dd7e19336b2b2a0d85485f82ff/mypy-1.14.1-cp313-cp313-manylinux_2_17_x86_64.manylinux2014_x86_64.manylinux_2_28_x86_64.whl", hash = "sha256:d4b19b03fdf54f3c5b2fa474c56b4c13c9dbfb9a2db4370ede7ec11a2c5927d9", size = 12867660, upload-time = "2024-12-30T16:38:17.342Z" },
    { url = "https://files.pythonhosted.org/packages/40/88/a61a5497e2f68d9027de2bb139c7bb9abaeb1be1584649fa9d807f80a338/mypy-1.14.1-cp313-cp313-musllinux_1_2_x86_64.whl", hash = "sha256:0c911fde686394753fff899c409fd4e16e9b294c24bfd5e1ea4675deae1ac6fd", size = 12969198, upload-time = "2024-12-30T16:38:32.839Z" },
    { url = "https://files.pythonhosted.org/packages/54/da/3d6fc5d92d324701b0c23fb413c853892bfe0e1dbe06c9138037d459756b/mypy-1.14.1-cp313-cp313-win_amd64.whl", hash = "sha256:8b21525cb51671219f5307be85f7e646a153e5acc656e5cebf64bfa076c50107", size = 9885276, upload-time = "2024-12-30T16:38:20.828Z" },
    { url = "https://files.pythonhosted.org/packages/a0/b5/32dd67b69a16d088e533962e5044e51004176a9952419de0370cdaead0f8/mypy-1.14.1-py3-none-any.whl", hash = "sha256:b66a60cc4073aeb8ae00057f9c1f64d49e90f918fbcef9a977eb121da8b8f1d1", size = 2752905, upload-time = "2024-12-30T16:38:42.021Z" },
]

[[package]]
name = "mypy-extensions"
version = "1.0.0"
source = { registry = "https://pypi.org/simple" }
sdist = { url = "https://files.pythonhosted.org/packages/98/a4/1ab47638b92648243faf97a5aeb6ea83059cc3624972ab6b8d2316078d3f/mypy_extensions-1.0.0.tar.gz", hash = "sha256:75dbf8955dc00442a438fc4d0666508a9a97b6bd41aa2f0ffe9d2f2725af0782", size = 4433, upload-time = "2023-02-04T12:11:27.157Z" }
wheels = [
    { url = "https://files.pythonhosted.org/packages/2a/e2/5d3f6ada4297caebe1a2add3b126fe800c96f56dbe5d1988a2cbe0b267aa/mypy_extensions-1.0.0-py3-none-any.whl", hash = "sha256:4392f6c0eb8a5668a69e23d168ffa70f0be9ccfd32b5cc2d26a34ae5b844552d", size = 4695, upload-time = "2023-02-04T12:11:25.002Z" },
]

[[package]]
name = "psutil"
version = "5.9.8"
source = { registry = "https://pypi.org/simple" }
sdist = { url = "https://files.pythonhosted.org/packages/90/c7/6dc0a455d111f68ee43f27793971cf03fe29b6ef972042549db29eec39a2/psutil-5.9.8.tar.gz", hash = "sha256:6be126e3225486dff286a8fb9a06246a5253f4c7c53b475ea5f5ac934e64194c", size = 503247, upload-time = "2024-01-19T20:47:09.517Z" }
wheels = [
    { url = "https://files.pythonhosted.org/packages/e7/e3/07ae864a636d70a8a6f58da27cb1179192f1140d5d1da10886ade9405797/psutil-5.9.8-cp36-abi3-macosx_10_9_x86_64.whl", hash = "sha256:aee678c8720623dc456fa20659af736241f575d79429a0e5e9cf88ae0605cc81", size = 248702, upload-time = "2024-01-19T20:47:36.303Z" },
    { url = "https://files.pythonhosted.org/packages/b3/bd/28c5f553667116b2598b9cc55908ec435cb7f77a34f2bff3e3ca765b0f78/psutil-5.9.8-cp36-abi3-manylinux_2_12_i686.manylinux2010_i686.manylinux_2_17_i686.manylinux2014_i686.whl", hash = "sha256:8cb6403ce6d8e047495a701dc7c5bd788add903f8986d523e3e20b98b733e421", size = 285242, upload-time = "2024-01-19T20:47:39.65Z" },
    { url = "https://files.pythonhosted.org/packages/c5/4f/0e22aaa246f96d6ac87fe5ebb9c5a693fbe8877f537a1022527c47ca43c5/psutil-5.9.8-cp36-abi3-manylinux_2_12_x86_64.manylinux2010_x86_64.manylinux_2_17_x86_64.manylinux2014_x86_64.whl", hash = "sha256:d06016f7f8625a1825ba3732081d77c94589dca78b7a3fc072194851e88461a4", size = 288191, upload-time = "2024-01-19T20:47:43.078Z" },
    { url = "https://files.pythonhosted.org/packages/6e/f5/2aa3a4acdc1e5940b59d421742356f133185667dd190b166dbcfcf5d7b43/psutil-5.9.8-cp37-abi3-win32.whl", hash = "sha256:bc56c2a1b0d15aa3eaa5a60c9f3f8e3e565303b465dbf57a1b730e7a2b9844e0", size = 251252, upload-time = "2024-01-19T20:47:52.88Z" },
    { url = "https://files.pythonhosted.org/packages/93/52/3e39d26feae7df0aa0fd510b14012c3678b36ed068f7d78b8d8784d61f0e/psutil-5.9.8-cp37-abi3-win_amd64.whl", hash = "sha256:8db4c1b57507eef143a15a6884ca10f7c73876cdf5d51e713151c1236a0e68cf", size = 255090, upload-time = "2024-01-19T20:47:56.019Z" },
    { url = "https://files.pythonhosted.org/packages/05/33/2d74d588408caedd065c2497bdb5ef83ce6082db01289a1e1147f6639802/psutil-5.9.8-cp38-abi3-macosx_11_0_arm64.whl", hash = "sha256:d16bbddf0693323b8c6123dd804100241da461e41d6e332fb0ba6058f630f8c8", size = 249898, upload-time = "2024-01-19T20:47:59.238Z" },
]

[[package]]
name = "ruff"
version = "0.14.0"
source = { registry = "https://pypi.org/simple" }
sdist = { url = "https://files.pythonhosted.org/packages/41/b9/9bd84453ed6dd04688de9b3f3a4146a1698e8faae2ceeccce4e14c67ae17/ruff-0.14.0.tar.gz", hash = "sha256:62ec8969b7510f77945df916de15da55311fade8d6050995ff7f680afe582c57", size = 5452071, upload-time = "2025-10-07T18:21:55.763Z" }
wheels = [
    { url = "https://files.pythonhosted.org/packages/3a/4e/79d463a5f80654e93fa653ebfb98e0becc3f0e7cf6219c9ddedf1e197072/ruff-0.14.0-py3-none-linux_armv6l.whl", hash = "sha256:58e15bffa7054299becf4bab8a1187062c6f8cafbe9f6e39e0d5aface455d6b3", size = 12494532, upload-time = "2025-10-07T18:21:00.373Z" },
    { url = "https://files.pythonhosted.org/packages/ee/40/e2392f445ed8e02aa6105d49db4bfff01957379064c30f4811c3bf38aece/ruff-0.14.0-py3-none-macosx_10_12_x86_64.whl", hash = "sha256:838d1b065f4df676b7c9957992f2304e41ead7a50a568185efd404297d5701e8", size = 13160768, upload-time = "2025-10-07T18:21:04.73Z" },
    { url = "https://files.pythonhosted.org/packages/75/da/2a656ea7c6b9bd14c7209918268dd40e1e6cea65f4bb9880eaaa43b055cd/ruff-0.14.0-py3-none-macosx_11_0_arm64.whl", hash = "sha256:703799d059ba50f745605b04638fa7e9682cc3da084b2092feee63500ff3d9b8", size = 12363376, upload-time = "2025-10-07T18:21:07.833Z" },
    { url = "https://files.pythonhosted.org/packages/42/e2/1ffef5a1875add82416ff388fcb7ea8b22a53be67a638487937aea81af27/ruff-0.14.0-py3-none-manylinux_2_17_aarch64.manylinux2014_aarch64.whl", hash = "sha256:3ba9a8925e90f861502f7d974cc60e18ca29c72bb0ee8bfeabb6ade35a3abde7", size = 12608055, upload-time = "2025-10-07T18:21:10.72Z" },
    { url = "https://files.pythonhosted.org/packages/4a/32/986725199d7cee510d9f1dfdf95bf1efc5fa9dd714d0d85c1fb1f6be3bc3/ruff-0.14.0-py3-none-manylinux_2_17_armv7l.manylinux2014_armv7l.whl", hash = "sha256:e41f785498bd200ffc276eb9e1570c019c1d907b07cfb081092c8ad51975bbe7", size = 12318544, upload-time = "2025-10-07T18:21:13.741Z" },
    { url = "https://files.pythonhosted.org/packages/9a/ed/4969cefd53315164c94eaf4da7cfba1f267dc275b0abdd593d11c90829a3/ruff-0.14.0-py3-none-manylinux_2_17_i686.manylinux2014_i686.whl", hash = "sha256:30a58c087aef4584c193aebf2700f0fbcfc1e77b89c7385e3139956fa90434e2", size = 14001280, upload-time = "2025-10-07T18:21:16.411Z" },
    { url = "https://files.pythonhosted.org/packages/ab/ad/96c1fc9f8854c37681c9613d825925c7f24ca1acfc62a4eb3896b50bacd2/ruff-0.14.0-py3-none-manylinux_2_17_ppc64.manylinux2014_ppc64.whl", hash = "sha256:f8d07350bc7af0a5ce8812b7d5c1a7293cf02476752f23fdfc500d24b79b783c", size = 15027286, upload-time = "2025-10-07T18:21:19.577Z" },
    { url = "https://files.pythonhosted.org/packages/b3/00/1426978f97df4fe331074baf69615f579dc4e7c37bb4c6f57c2aad80c87f/ruff-0.14.0-py3-none-manylinux_2_17_ppc64le.manylinux2014_ppc64le.whl", hash = "sha256:eec3bbbf3a7d5482b5c1f42d5fc972774d71d107d447919fca620b0be3e3b75e", size = 14451506, upload-time = "2025-10-07T18:21:22.779Z" },
    { url = "https://files.pythonhosted.org/packages/58/d5/9c1cea6e493c0cf0647674cca26b579ea9d2a213b74b5c195fbeb9678e15/ruff-0.14.0-py3-none-manylinux_2_17_s390x.manylinux2014_s390x.whl", hash = "sha256:16b68e183a0e28e5c176d51004aaa40559e8f90065a10a559176713fcf435206", size = 13437384, upload-time = "2025-10-07T18:21:25.758Z" },
    { url = "https://files.pythonhosted.org/packages/29/b4/4cd6a4331e999fc05d9d77729c95503f99eae3ba1160469f2b64866964e3/ruff-0.14.0-py3-none-manylinux_2_17_x86_64.manylinux2014_x86_64.whl", hash = "sha256:eb732d17db2e945cfcbbc52af0143eda1da36ca8ae25083dd4f66f1542fdf82e", size = 13447976, upload-time = "2025-10-07T18:21:28.83Z" },
    { url = "https://files.pythonhosted.org/packages/3b/c0/ac42f546d07e4f49f62332576cb845d45c67cf5610d1851254e341d563b6/ruff-0.14.0-py3-none-manylinux_2_31_riscv64.whl", hash = "sha256:c958f66ab884b7873e72df38dcabee03d556a8f2ee1b8538ee1c2bbd619883dd", size = 13682850, upload-time = "2025-10-07T18:21:31.842Z" },
    { url = "https://files.pythonhosted.org/packages/5f/c4/4b0c9bcadd45b4c29fe1af9c5d1dc0ca87b4021665dfbe1c4688d407aa20/ruff-0.14.0-py3-none-musllinux_1_2_aarch64.whl", hash = "sha256:7eb0499a2e01f6e0c285afc5bac43ab380cbfc17cd43a2e1dd10ec97d6f2c42d", size = 12449825, upload-time = "2025-10-07T18:21:35.074Z" },
    { url = "https://files.pythonhosted.org/packages/4b/a8/e2e76288e6c16540fa820d148d83e55f15e994d852485f221b9524514730/ruff-0.14.0-py3-none-musllinux_1_2_armv7l.whl", hash = "sha256:4c63b2d99fafa05efca0ab198fd48fa6030d57e4423df3f18e03aa62518c565f", size = 12272599, upload-time = "2025-10-07T18:21:38.08Z" },
    { url = "https://files.pythonhosted.org/packages/18/14/e2815d8eff847391af632b22422b8207704222ff575dec8d044f9ab779b2/ruff-0.14.0-py3-none-musllinux_1_2_i686.whl", hash = "sha256:668fce701b7a222f3f5327f86909db2bbe99c30877c8001ff934c5413812ac02", size = 13193828, upload-time = "2025-10-07T18:21:41.216Z" },
    { url = "https://files.pythonhosted.org/packages/44/c6/61ccc2987cf0aecc588ff8f3212dea64840770e60d78f5606cd7dc34de32/ruff-0.14.0-py3-none-musllinux_1_2_x86_64.whl", hash = "sha256:a86bf575e05cb68dcb34e4c7dfe1064d44d3f0c04bbc0491949092192b515296", size = 13628617, upload-time = "2025-10-07T18:21:44.04Z" },
    { url = "https://files.pythonhosted.org/packages/73/e6/03b882225a1b0627e75339b420883dc3c90707a8917d2284abef7a58d317/ruff-0.14.0-py3-none-win32.whl", hash = "sha256:7450a243d7125d1c032cb4b93d9625dea46c8c42b4f06c6b709baac168e10543", size = 12367872, upload-time = "2025-10-07T18:21:46.67Z" },
    { url = "https://files.pythonhosted.org/packages/41/77/56cf9cf01ea0bfcc662de72540812e5ba8e9563f33ef3d37ab2174892c47/ruff-0.14.0-py3-none-win_amd64.whl", hash = "sha256:ea95da28cd874c4d9c922b39381cbd69cb7e7b49c21b8152b014bd4f52acddc2", size = 13464628, upload-time = "2025-10-07T18:21:50.318Z" },
    { url = "https://files.pythonhosted.org/packages/c6/2a/65880dfd0e13f7f13a775998f34703674a4554906167dce02daf7865b954/ruff-0.14.0-py3-none-win_arm64.whl", hash = "sha256:f42c9495f5c13ff841b1da4cb3c2a42075409592825dada7c5885c2c844ac730", size = 12565142, upload-time = "2025-10-07T18:21:53.577Z" },
]

[[package]]
name = "types-psutil"
version = "5.9.5.20240516"
source = { registry = "https://pypi.org/simple" }
sdist = { url = "https://files.pythonhosted.org/packages/af/41/5d3d2f7b7e819e85820eadececc121ab805c0cb4cab5d88defb0a37eabed/types-psutil-5.9.5.20240516.tar.gz", hash = "sha256:bb296f59fc56458891d0feb1994717e548a1bcf89936a2877df8792b822b4696", size = 14771, upload-time = "2024-05-16T02:21:20.026Z" }
wheels = [
    { url = "https://files.pythonhosted.org/packages/3c/b0/872fd0f7b3998f18447a49b0ebae95994c9f589c79443551030caa8f94f0/types_psutil-5.9.5.20240516-py3-none-any.whl", hash = "sha256:83146ded949a10167d9895e567b3b71e53ebc5e23fd8363eab62b3c76cce7b89", size = 18356, upload-time = "2024-05-16T02:21:18.398Z" },
]

[[package]]
name = "typing-extensions"
version = "4.12.2"
source = { registry = "https://pypi.org/simple" }
sdist = { url = "https://files.pythonhosted.org/packages/df/db/f35a00659bc03fec321ba8bce9420de607a1d37f8342eee1863174c69557/typing_extensions-4.12.2.tar.gz", hash = "sha256:1a7ead55c7e559dd4dee8856e3a88b41225abfe1ce8df57b7c13915fe121ffb8", size = 85321, upload-time = "2024-06-07T18:52:15.995Z" }
wheels = [
    { url = "https://files.pythonhosted.org/packages/26/9f/ad63fc0248c5379346306f8668cda6e2e2e9c95e01216d2b8ffd9ff037d0/typing_extensions-4.12.2-py3-none-any.whl", hash = "sha256:04e5ca0351e0f3f85c6853954072df659d0d13fac324d0072316b67d7794700d", size = 37438, upload-time = "2024-06-07T18:52:13.582Z" },
]
